// !$*UTF8*$!
{
	archiveVersion = 1;
	classes = {
	};
	objectVersion = 50;
	objects = {

/* Begin PBXBuildFile section */
		78131E43239302EE0067336D /* AppDelegate.swift in Sources */ = {isa = PBXBuildFile; fileRef = 78131E42239302EE0067336D /* AppDelegate.swift */; };
		78131E45239302EE0067336D /* MainController.swift in Sources */ = {isa = PBXBuildFile; fileRef = 78131E44239302EE0067336D /* MainController.swift */; };
		78131E48239302EE0067336D /* Main.storyboard in Resources */ = {isa = PBXBuildFile; fileRef = 78131E46239302EE0067336D /* Main.storyboard */; };
		78131E4A239302EE0067336D /* Assets.xcassets in Resources */ = {isa = PBXBuildFile; fileRef = 78131E49239302EE0067336D /* Assets.xcassets */; };
		78131E4D239302EE0067336D /* LaunchScreen.storyboard in Resources */ = {isa = PBXBuildFile; fileRef = 78131E4B239302EE0067336D /* LaunchScreen.storyboard */; };
		78131E5B239303B70067336D /* UIKitExtensions.swift in Sources */ = {isa = PBXBuildFile; fileRef = 78131E5A239303B70067336D /* UIKitExtensions.swift */; };
		78131E5D239303C10067336D /* FoundationExtensions.swift in Sources */ = {isa = PBXBuildFile; fileRef = 78131E5C239303C10067336D /* FoundationExtensions.swift */; };
		78131E60239304000067336D /* BaseNavigationController.swift in Sources */ = {isa = PBXBuildFile; fileRef = 78131E5F239304000067336D /* BaseNavigationController.swift */; };
		78131E62239304090067336D /* BaseViewController.swift in Sources */ = {isa = PBXBuildFile; fileRef = 78131E61239304090067336D /* BaseViewController.swift */; };
		78131E64239304140067336D /* BaseTableViewController.swift in Sources */ = {isa = PBXBuildFile; fileRef = 78131E63239304140067336D /* BaseTableViewController.swift */; };
		78237B32239BE72200A9DC4B /* AlertView.swift in Sources */ = {isa = PBXBuildFile; fileRef = 78237B31239BE72200A9DC4B /* AlertView.swift */; };
		78237B34239BE8CA00A9DC4B /* AlertView.xib in Resources */ = {isa = PBXBuildFile; fileRef = 78237B33239BE8CA00A9DC4B /* AlertView.xib */; };
		78542E6B239416A800A2B34C /* Card.swift in Sources */ = {isa = PBXBuildFile; fileRef = 78542E6A239416A800A2B34C /* Card.swift */; };
		78542E6D239416B200A2B34C /* Deck.swift in Sources */ = {isa = PBXBuildFile; fileRef = 78542E6C239416B200A2B34C /* Deck.swift */; };
		78542E6F23941D9500A2B34C /* DeckList.swift in Sources */ = {isa = PBXBuildFile; fileRef = 78542E6E23941D9500A2B34C /* DeckList.swift */; };
		78542E7123945F6C00A2B34C /* Constants.swift in Sources */ = {isa = PBXBuildFile; fileRef = 78542E7023945F6C00A2B34C /* Constants.swift */; };
		78BBFDED23968C0800D7EC3C /* DeckListCell.swift in Sources */ = {isa = PBXBuildFile; fileRef = 78BBFDEC23968C0800D7EC3C /* DeckListCell.swift */; };
		78BBFDEF2398185B00D7EC3C /* DebugData.swift in Sources */ = {isa = PBXBuildFile; fileRef = 78BBFDEE2398185B00D7EC3C /* DebugData.swift */; };
		78CF692223984BB000F8224B /* DeckController.swift in Sources */ = {isa = PBXBuildFile; fileRef = 78CF692123984BB000F8224B /* DeckController.swift */; };
		78CF69242399516800F8224B /* CardListCell.swift in Sources */ = {isa = PBXBuildFile; fileRef = 78CF69232399516800F8224B /* CardListCell.swift */; };
		78CF692623995C8200F8224B /* CardController.swift in Sources */ = {isa = PBXBuildFile; fileRef = 78CF692523995C8200F8224B /* CardController.swift */; };
		78CF692C2399675100F8224B /* CardCell.swift in Sources */ = {isa = PBXBuildFile; fileRef = 78CF692B2399675100F8224B /* CardCell.swift */; };
		78CF692E23997C6900F8224B /* FinishCell.swift in Sources */ = {isa = PBXBuildFile; fileRef = 78CF692D23997C6900F8224B /* FinishCell.swift */; };
/* End PBXBuildFile section */

/* Begin PBXFileReference section */
		78131E3F239302EE0067336D /* Lexicards.app */ = {isa = PBXFileReference; explicitFileType = wrapper.application; includeInIndex = 0; path = Lexicards.app; sourceTree = BUILT_PRODUCTS_DIR; };
		78131E42239302EE0067336D /* AppDelegate.swift */ = {isa = PBXFileReference; lastKnownFileType = sourcecode.swift; path = AppDelegate.swift; sourceTree = "<group>"; };
		78131E44239302EE0067336D /* MainController.swift */ = {isa = PBXFileReference; lastKnownFileType = sourcecode.swift; path = MainController.swift; sourceTree = "<group>"; };
		78131E47239302EE0067336D /* Base */ = {isa = PBXFileReference; lastKnownFileType = file.storyboard; name = Base; path = Base.lproj/Main.storyboard; sourceTree = "<group>"; };
		78131E49239302EE0067336D /* Assets.xcassets */ = {isa = PBXFileReference; lastKnownFileType = folder.assetcatalog; path = Assets.xcassets; sourceTree = "<group>"; };
		78131E4C239302EE0067336D /* Base */ = {isa = PBXFileReference; lastKnownFileType = file.storyboard; name = Base; path = Base.lproj/LaunchScreen.storyboard; sourceTree = "<group>"; };
		78131E4E239302EE0067336D /* Info.plist */ = {isa = PBXFileReference; lastKnownFileType = text.plist.xml; path = Info.plist; sourceTree = "<group>"; };
		78131E5A239303B70067336D /* UIKitExtensions.swift */ = {isa = PBXFileReference; lastKnownFileType = sourcecode.swift; path = UIKitExtensions.swift; sourceTree = "<group>"; };
		78131E5C239303C10067336D /* FoundationExtensions.swift */ = {isa = PBXFileReference; lastKnownFileType = sourcecode.swift; path = FoundationExtensions.swift; sourceTree = "<group>"; };
		78131E5F239304000067336D /* BaseNavigationController.swift */ = {isa = PBXFileReference; lastKnownFileType = sourcecode.swift; path = BaseNavigationController.swift; sourceTree = "<group>"; };
		78131E61239304090067336D /* BaseViewController.swift */ = {isa = PBXFileReference; lastKnownFileType = sourcecode.swift; path = BaseViewController.swift; sourceTree = "<group>"; };
		78131E63239304140067336D /* BaseTableViewController.swift */ = {isa = PBXFileReference; lastKnownFileType = sourcecode.swift; path = BaseTableViewController.swift; sourceTree = "<group>"; };
		78237B31239BE72200A9DC4B /* AlertView.swift */ = {isa = PBXFileReference; lastKnownFileType = sourcecode.swift; path = AlertView.swift; sourceTree = "<group>"; };
		78237B33239BE8CA00A9DC4B /* AlertView.xib */ = {isa = PBXFileReference; lastKnownFileType = file.xib; path = AlertView.xib; sourceTree = "<group>"; };
		78542E6A239416A800A2B34C /* Card.swift */ = {isa = PBXFileReference; lastKnownFileType = sourcecode.swift; path = Card.swift; sourceTree = "<group>"; };
		78542E6C239416B200A2B34C /* Deck.swift */ = {isa = PBXFileReference; lastKnownFileType = sourcecode.swift; path = Deck.swift; sourceTree = "<group>"; };
		78542E6E23941D9500A2B34C /* DeckList.swift */ = {isa = PBXFileReference; lastKnownFileType = sourcecode.swift; path = DeckList.swift; sourceTree = "<group>"; };
		78542E7023945F6C00A2B34C /* Constants.swift */ = {isa = PBXFileReference; lastKnownFileType = sourcecode.swift; path = Constants.swift; sourceTree = "<group>"; };
		78BBFDEC23968C0800D7EC3C /* DeckListCell.swift */ = {isa = PBXFileReference; lastKnownFileType = sourcecode.swift; path = DeckListCell.swift; sourceTree = "<group>"; };
		78BBFDEE2398185B00D7EC3C /* DebugData.swift */ = {isa = PBXFileReference; lastKnownFileType = sourcecode.swift; path = DebugData.swift; sourceTree = "<group>"; };
		78CF692123984BB000F8224B /* DeckController.swift */ = {isa = PBXFileReference; lastKnownFileType = sourcecode.swift; path = DeckController.swift; sourceTree = "<group>"; };
		78CF69232399516800F8224B /* CardListCell.swift */ = {isa = PBXFileReference; lastKnownFileType = sourcecode.swift; path = CardListCell.swift; sourceTree = "<group>"; };
		78CF692523995C8200F8224B /* CardController.swift */ = {isa = PBXFileReference; lastKnownFileType = sourcecode.swift; path = CardController.swift; sourceTree = "<group>"; };
		78CF692B2399675100F8224B /* CardCell.swift */ = {isa = PBXFileReference; lastKnownFileType = sourcecode.swift; path = CardCell.swift; sourceTree = "<group>"; };
		78CF692D23997C6900F8224B /* FinishCell.swift */ = {isa = PBXFileReference; lastKnownFileType = sourcecode.swift; path = FinishCell.swift; sourceTree = "<group>"; };
/* End PBXFileReference section */

/* Begin PBXFrameworksBuildPhase section */
		78131E3C239302EE0067336D /* Frameworks */ = {
			isa = PBXFrameworksBuildPhase;
			buildActionMask = 2147483647;
			files = (
			);
			runOnlyForDeploymentPostprocessing = 0;
		};
/* End PBXFrameworksBuildPhase section */

/* Begin PBXGroup section */
		78131E36239302EE0067336D = {
			isa = PBXGroup;
			children = (
				78131E41239302EE0067336D /* Lexicards */,
				78131E40239302EE0067336D /* Products */,
			);
			sourceTree = "<group>";
		};
		78131E40239302EE0067336D /* Products */ = {
			isa = PBXGroup;
			children = (
				78131E3F239302EE0067336D /* Lexicards.app */,
			);
			name = Products;
			sourceTree = "<group>";
		};
		78131E41239302EE0067336D /* Lexicards */ = {
			isa = PBXGroup;
			children = (
				78131E59239303890067336D /* AppDelegate */,
				78131E58239303810067336D /* ViewControllers */,
				78131E572393037B0067336D /* Views */,
				78131E56239303750067336D /* Data */,
				78131E552393036B0067336D /* Extensions */,
				78131E542393030E0067336D /* Resources */,
			);
			path = Lexicards;
			sourceTree = "<group>";
		};
		78131E542393030E0067336D /* Resources */ = {
			isa = PBXGroup;
			children = (
				78131E49239302EE0067336D /* Assets.xcassets */,
				78542E6123940A4B00A2B34C /* Fonts */,
				78131E4B239302EE0067336D /* LaunchScreen.storyboard */,
				78131E4E239302EE0067336D /* Info.plist */,
			);
			name = Resources;
			sourceTree = "<group>";
		};
		78131E552393036B0067336D /* Extensions */ = {
			isa = PBXGroup;
			children = (
				78131E5A239303B70067336D /* UIKitExtensions.swift */,
				78131E5C239303C10067336D /* FoundationExtensions.swift */,
				78542E7023945F6C00A2B34C /* Constants.swift */,
			);
			name = Extensions;
			sourceTree = "<group>";
		};
		78131E56239303750067336D /* Data */ = {
			isa = PBXGroup;
			children = (
				78542E6E23941D9500A2B34C /* DeckList.swift */,
				78542E6C239416B200A2B34C /* Deck.swift */,
				78542E6A239416A800A2B34C /* Card.swift */,
				78BBFDEE2398185B00D7EC3C /* DebugData.swift */,
			);
			name = Data;
			sourceTree = "<group>";
		};
		78131E572393037B0067336D /* Views */ = {
			isa = PBXGroup;
			children = (
				78BBFDEC23968C0800D7EC3C /* DeckListCell.swift */,
				78CF69232399516800F8224B /* CardListCell.swift */,
				78CF692B2399675100F8224B /* CardCell.swift */,
				78CF692D23997C6900F8224B /* FinishCell.swift */,
				78237B31239BE72200A9DC4B /* AlertView.swift */,
				78237B33239BE8CA00A9DC4B /* AlertView.xib */,
			);
			name = Views;
			sourceTree = "<group>";
		};
		78131E58239303810067336D /* ViewControllers */ = {
			isa = PBXGroup;
			children = (
				78131E5E239303EC0067336D /* BaseControllers */,
				78131E46239302EE0067336D /* Main.storyboard */,
				78131E44239302EE0067336D /* MainController.swift */,
				78CF692123984BB000F8224B /* DeckController.swift */,
				78CF692523995C8200F8224B /* CardController.swift */,
			);
			name = ViewControllers;
			sourceTree = "<group>";
		};
		78131E59239303890067336D /* AppDelegate */ = {
			isa = PBXGroup;
			children = (
				78131E42239302EE0067336D /* AppDelegate.swift */,
			);
			name = AppDelegate;
			sourceTree = "<group>";
		};
		78131E5E239303EC0067336D /* BaseControllers */ = {
			isa = PBXGroup;
			children = (
				78131E5F239304000067336D /* BaseNavigationController.swift */,
				78131E61239304090067336D /* BaseViewController.swift */,
				78131E63239304140067336D /* BaseTableViewController.swift */,
			);
			name = BaseControllers;
			sourceTree = "<group>";
		};
		78542E6123940A4B00A2B34C /* Fonts */ = {
			isa = PBXGroup;
			children = (
			);
			name = Fonts;
			sourceTree = "<group>";
		};
/* End PBXGroup section */

/* Begin PBXNativeTarget section */
		78131E3E239302EE0067336D /* Lexicards */ = {
			isa = PBXNativeTarget;
			buildConfigurationList = 78131E51239302EE0067336D /* Build configuration list for PBXNativeTarget "Lexicards" */;
			buildPhases = (
				78131E3B239302EE0067336D /* Sources */,
				78131E3C239302EE0067336D /* Frameworks */,
				78131E3D239302EE0067336D /* Resources */,
			);
			buildRules = (
			);
			dependencies = (
			);
			name = Lexicards;
			productName = Lexicards;
			productReference = 78131E3F239302EE0067336D /* Lexicards.app */;
			productType = "com.apple.product-type.application";
		};
/* End PBXNativeTarget section */

/* Begin PBXProject section */
		78131E37239302EE0067336D /* Project object */ = {
			isa = PBXProject;
			attributes = {
				LastSwiftUpdateCheck = 1030;
				LastUpgradeCheck = 1030;
				ORGANIZATIONNAME = Zigabytes;
				TargetAttributes = {
					78131E3E239302EE0067336D = {
						CreatedOnToolsVersion = 10.3;
					};
				};
			};
			buildConfigurationList = 78131E3A239302EE0067336D /* Build configuration list for PBXProject "Lexicards" */;
			compatibilityVersion = "Xcode 9.3";
			developmentRegion = en;
			hasScannedForEncodings = 0;
			knownRegions = (
				en,
				Base,
			);
			mainGroup = 78131E36239302EE0067336D;
			productRefGroup = 78131E40239302EE0067336D /* Products */;
			projectDirPath = "";
			projectRoot = "";
			targets = (
				78131E3E239302EE0067336D /* Lexicards */,
			);
		};
/* End PBXProject section */

/* Begin PBXResourcesBuildPhase section */
		78131E3D239302EE0067336D /* Resources */ = {
			isa = PBXResourcesBuildPhase;
			buildActionMask = 2147483647;
			files = (
				78131E4D239302EE0067336D /* LaunchScreen.storyboard in Resources */,
				78237B34239BE8CA00A9DC4B /* AlertView.xib in Resources */,
				78131E4A239302EE0067336D /* Assets.xcassets in Resources */,
				78131E48239302EE0067336D /* Main.storyboard in Resources */,
			);
			runOnlyForDeploymentPostprocessing = 0;
		};
/* End PBXResourcesBuildPhase section */

/* Begin PBXSourcesBuildPhase section */
		78131E3B239302EE0067336D /* Sources */ = {
			isa = PBXSourcesBuildPhase;
			buildActionMask = 2147483647;
			files = (
				78CF692E23997C6900F8224B /* FinishCell.swift in Sources */,
				78237B32239BE72200A9DC4B /* AlertView.swift in Sources */,
				78542E6D239416B200A2B34C /* Deck.swift in Sources */,
				78542E7123945F6C00A2B34C /* Constants.swift in Sources */,
				78131E5D239303C10067336D /* FoundationExtensions.swift in Sources */,
				78131E45239302EE0067336D /* MainController.swift in Sources */,
				78131E43239302EE0067336D /* AppDelegate.swift in Sources */,
				78BBFDEF2398185B00D7EC3C /* DebugData.swift in Sources */,
				78CF692C2399675100F8224B /* CardCell.swift in Sources */,
				78CF69242399516800F8224B /* CardListCell.swift in Sources */,
				78131E64239304140067336D /* BaseTableViewController.swift in Sources */,
				78131E60239304000067336D /* BaseNavigationController.swift in Sources */,
				78131E5B239303B70067336D /* UIKitExtensions.swift in Sources */,
				78CF692223984BB000F8224B /* DeckController.swift in Sources */,
				78BBFDED23968C0800D7EC3C /* DeckListCell.swift in Sources */,
				78131E62239304090067336D /* BaseViewController.swift in Sources */,
				78CF692623995C8200F8224B /* CardController.swift in Sources */,
				78542E6F23941D9500A2B34C /* DeckList.swift in Sources */,
				78542E6B239416A800A2B34C /* Card.swift in Sources */,
			);
			runOnlyForDeploymentPostprocessing = 0;
		};
/* End PBXSourcesBuildPhase section */

/* Begin PBXVariantGroup section */
		78131E46239302EE0067336D /* Main.storyboard */ = {
			isa = PBXVariantGroup;
			children = (
				78131E47239302EE0067336D /* Base */,
			);
			name = Main.storyboard;
			sourceTree = "<group>";
		};
		78131E4B239302EE0067336D /* LaunchScreen.storyboard */ = {
			isa = PBXVariantGroup;
			children = (
				78131E4C239302EE0067336D /* Base */,
			);
			name = LaunchScreen.storyboard;
			sourceTree = "<group>";
		};
/* End PBXVariantGroup section */

/* Begin XCBuildConfiguration section */
		78131E4F239302EE0067336D /* Debug */ = {
			isa = XCBuildConfiguration;
			buildSettings = {
				ALWAYS_SEARCH_USER_PATHS = NO;
				CLANG_ANALYZER_NONNULL = YES;
				CLANG_ANALYZER_NUMBER_OBJECT_CONVERSION = YES_AGGRESSIVE;
				CLANG_CXX_LANGUAGE_STANDARD = "gnu++14";
				CLANG_CXX_LIBRARY = "libc++";
				CLANG_ENABLE_MODULES = YES;
				CLANG_ENABLE_OBJC_ARC = YES;
				CLANG_ENABLE_OBJC_WEAK = YES;
				CLANG_WARN_BLOCK_CAPTURE_AUTORELEASING = YES;
				CLANG_WARN_BOOL_CONVERSION = YES;
				CLANG_WARN_COMMA = YES;
				CLANG_WARN_CONSTANT_CONVERSION = YES;
				CLANG_WARN_DEPRECATED_OBJC_IMPLEMENTATIONS = YES;
				CLANG_WARN_DIRECT_OBJC_ISA_USAGE = YES_ERROR;
				CLANG_WARN_DOCUMENTATION_COMMENTS = YES;
				CLANG_WARN_EMPTY_BODY = YES;
				CLANG_WARN_ENUM_CONVERSION = YES;
				CLANG_WARN_INFINITE_RECURSION = YES;
				CLANG_WARN_INT_CONVERSION = YES;
				CLANG_WARN_NON_LITERAL_NULL_CONVERSION = YES;
				CLANG_WARN_OBJC_IMPLICIT_RETAIN_SELF = YES;
				CLANG_WARN_OBJC_LITERAL_CONVERSION = YES;
				CLANG_WARN_OBJC_ROOT_CLASS = YES_ERROR;
				CLANG_WARN_RANGE_LOOP_ANALYSIS = YES;
				CLANG_WARN_STRICT_PROTOTYPES = YES;
				CLANG_WARN_SUSPICIOUS_MOVE = YES;
				CLANG_WARN_UNGUARDED_AVAILABILITY = YES_AGGRESSIVE;
				CLANG_WARN_UNREACHABLE_CODE = YES;
				CLANG_WARN__DUPLICATE_METHOD_MATCH = YES;
				CODE_SIGN_IDENTITY = "iPhone Developer";
				COPY_PHASE_STRIP = NO;
				DEBUG_INFORMATION_FORMAT = dwarf;
				ENABLE_STRICT_OBJC_MSGSEND = YES;
				ENABLE_TESTABILITY = YES;
				GCC_C_LANGUAGE_STANDARD = gnu11;
				GCC_DYNAMIC_NO_PIC = NO;
				GCC_NO_COMMON_BLOCKS = YES;
				GCC_OPTIMIZATION_LEVEL = 0;
				GCC_PREPROCESSOR_DEFINITIONS = (
					"DEBUG=1",
					"$(inherited)",
				);
				GCC_WARN_64_TO_32_BIT_CONVERSION = YES;
				GCC_WARN_ABOUT_RETURN_TYPE = YES_ERROR;
				GCC_WARN_UNDECLARED_SELECTOR = YES;
				GCC_WARN_UNINITIALIZED_AUTOS = YES_AGGRESSIVE;
				GCC_WARN_UNUSED_FUNCTION = YES;
				GCC_WARN_UNUSED_VARIABLE = YES;
				IPHONEOS_DEPLOYMENT_TARGET = 12.4;
				MTL_ENABLE_DEBUG_INFO = INCLUDE_SOURCE;
				MTL_FAST_MATH = YES;
				ONLY_ACTIVE_ARCH = YES;
				SDKROOT = iphoneos;
				SWIFT_ACTIVE_COMPILATION_CONDITIONS = DEBUG;
				SWIFT_OPTIMIZATION_LEVEL = "-Onone";
			};
			name = Debug;
		};
		78131E50239302EE0067336D /* Release */ = {
			isa = XCBuildConfiguration;
			buildSettings = {
				ALWAYS_SEARCH_USER_PATHS = NO;
				CLANG_ANALYZER_NONNULL = YES;
				CLANG_ANALYZER_NUMBER_OBJECT_CONVERSION = YES_AGGRESSIVE;
				CLANG_CXX_LANGUAGE_STANDARD = "gnu++14";
				CLANG_CXX_LIBRARY = "libc++";
				CLANG_ENABLE_MODULES = YES;
				CLANG_ENABLE_OBJC_ARC = YES;
				CLANG_ENABLE_OBJC_WEAK = YES;
				CLANG_WARN_BLOCK_CAPTURE_AUTORELEASING = YES;
				CLANG_WARN_BOOL_CONVERSION = YES;
				CLANG_WARN_COMMA = YES;
				CLANG_WARN_CONSTANT_CONVERSION = YES;
				CLANG_WARN_DEPRECATED_OBJC_IMPLEMENTATIONS = YES;
				CLANG_WARN_DIRECT_OBJC_ISA_USAGE = YES_ERROR;
				CLANG_WARN_DOCUMENTATION_COMMENTS = YES;
				CLANG_WARN_EMPTY_BODY = YES;
				CLANG_WARN_ENUM_CONVERSION = YES;
				CLANG_WARN_INFINITE_RECURSION = YES;
				CLANG_WARN_INT_CONVERSION = YES;
				CLANG_WARN_NON_LITERAL_NULL_CONVERSION = YES;
				CLANG_WARN_OBJC_IMPLICIT_RETAIN_SELF = YES;
				CLANG_WARN_OBJC_LITERAL_CONVERSION = YES;
				CLANG_WARN_OBJC_ROOT_CLASS = YES_ERROR;
				CLANG_WARN_RANGE_LOOP_ANALYSIS = YES;
				CLANG_WARN_STRICT_PROTOTYPES = YES;
				CLANG_WARN_SUSPICIOUS_MOVE = YES;
				CLANG_WARN_UNGUARDED_AVAILABILITY = YES_AGGRESSIVE;
				CLANG_WARN_UNREACHABLE_CODE = YES;
				CLANG_WARN__DUPLICATE_METHOD_MATCH = YES;
				CODE_SIGN_IDENTITY = "iPhone Developer";
				COPY_PHASE_STRIP = NO;
				DEBUG_INFORMATION_FORMAT = "dwarf-with-dsym";
				ENABLE_NS_ASSERTIONS = NO;
				ENABLE_STRICT_OBJC_MSGSEND = YES;
				GCC_C_LANGUAGE_STANDARD = gnu11;
				GCC_NO_COMMON_BLOCKS = YES;
				GCC_WARN_64_TO_32_BIT_CONVERSION = YES;
				GCC_WARN_ABOUT_RETURN_TYPE = YES_ERROR;
				GCC_WARN_UNDECLARED_SELECTOR = YES;
				GCC_WARN_UNINITIALIZED_AUTOS = YES_AGGRESSIVE;
				GCC_WARN_UNUSED_FUNCTION = YES;
				GCC_WARN_UNUSED_VARIABLE = YES;
				IPHONEOS_DEPLOYMENT_TARGET = 12.4;
				MTL_ENABLE_DEBUG_INFO = NO;
				MTL_FAST_MATH = YES;
				SDKROOT = iphoneos;
				SWIFT_COMPILATION_MODE = wholemodule;
				SWIFT_OPTIMIZATION_LEVEL = "-O";
				VALIDATE_PRODUCT = YES;
			};
			name = Release;
		};
		78131E52239302EE0067336D /* Debug */ = {
			isa = XCBuildConfiguration;
			buildSettings = {
				ASSETCATALOG_COMPILER_APPICON_NAME = AppIcon;
				CODE_SIGN_STYLE = Automatic;
				CURRENT_PROJECT_VERSION = 15;
				DEVELOPMENT_TEAM = MJA8334VZT;
				INFOPLIST_FILE = Lexicards/Info.plist;
				LD_RUNPATH_SEARCH_PATHS = (
					"$(inherited)",
					"@executable_path/Frameworks",
				);
				PRODUCT_BUNDLE_IDENTIFIER = com.zigabytes.Lexicards;
				PRODUCT_NAME = "$(TARGET_NAME)";
				SWIFT_VERSION = 5.0;
				TARGETED_DEVICE_FAMILY = 1;
			};
			name = Debug;
		};
		78131E53239302EE0067336D /* Release */ = {
			isa = XCBuildConfiguration;
			buildSettings = {
				ASSETCATALOG_COMPILER_APPICON_NAME = AppIcon;
				CODE_SIGN_STYLE = Automatic;
				CURRENT_PROJECT_VERSION = 15;
				DEVELOPMENT_TEAM = MJA8334VZT;
				INFOPLIST_FILE = Lexicards/Info.plist;
				LD_RUNPATH_SEARCH_PATHS = (
					"$(inherited)",
					"@executable_path/Frameworks",
				);
				PRODUCT_BUNDLE_IDENTIFIER = com.zigabytes.Lexicards;
				PRODUCT_NAME = "$(TARGET_NAME)";
				SWIFT_VERSION = 5.0;
				TARGETED_DEVICE_FAMILY = 1;
			};
			name = Release;
		};
/* End XCBuildConfiguration section */

/* Begin XCConfigurationList section */
		78131E3A239302EE0067336D /* Build configuration list for PBXProject "Lexicards" */ = {
			isa = XCConfigurationList;
			buildConfigurations = (
				78131E4F239302EE0067336D /* Debug */,
				78131E50239302EE0067336D /* Release */,
			);
			defaultConfigurationIsVisible = 0;
			defaultConfigurationName = Release;
		};
		78131E51239302EE0067336D /* Build configuration list for PBXNativeTarget "Lexicards" */ = {
			isa = XCConfigurationList;
			buildConfigurations = (
				78131E52239302EE0067336D /* Debug */,
				78131E53239302EE0067336D /* Release */,
			);
			defaultConfigurationIsVisible = 0;
			defaultConfigurationName = Release;
		};
/* End XCConfigurationList section */
	};
	rootObject = 78131E37239302EE0067336D /* Project object */;
}
